// !$*UTF8*$!
{
	archiveVersion = 1;
	classes = {
	};
	objectVersion = 55;
	objects = {

/* Begin PBXBuildFile section */
		21219BB629C78F5D008E3775 /* Bobby Rough Soft.ttf in Resources */ = {isa = PBXBuildFile; fileRef = 21219BB529C78F5D008E3775 /* Bobby Rough Soft.ttf */; };
		21317BC629C77A3B002B78EA /* Kalam-Regular.ttf in Resources */ = {isa = PBXBuildFile; fileRef = 21317BC329C77A3A002B78EA /* Kalam-Regular.ttf */; };
		21317BC729C77A3B002B78EA /* Kalam-Bold.ttf in Resources */ = {isa = PBXBuildFile; fileRef = 21317BC429C77A3B002B78EA /* Kalam-Bold.ttf */; };
		21317BC829C77A3B002B78EA /* Kalam-Light.ttf in Resources */ = {isa = PBXBuildFile; fileRef = 21317BC529C77A3B002B78EA /* Kalam-Light.ttf */; };
		21317BCA29C77A5D002B78EA /* Mansalva-Regular.ttf in Resources */ = {isa = PBXBuildFile; fileRef = 21317BC929C77A5D002B78EA /* Mansalva-Regular.ttf */; };
		2158A91729C459200011A437 /* Edu-Bold.ttf in Resources */ = {isa = PBXBuildFile; fileRef = 2158A91629C459200011A437 /* Edu-Bold.ttf */; };
		215E9CC929C44FC3007B8387 /* Sono-Bold.ttf in Resources */ = {isa = PBXBuildFile; fileRef = 215E9CC829C44FC3007B8387 /* Sono-Bold.ttf */; };
		215F5A0B29B8827200A3D165 /* AppDelegate.swift in Sources */ = {isa = PBXBuildFile; fileRef = 215F5A0A29B8827200A3D165 /* AppDelegate.swift */; };
		215F5A0D29B8827200A3D165 /* SceneDelegate.swift in Sources */ = {isa = PBXBuildFile; fileRef = 215F5A0C29B8827200A3D165 /* SceneDelegate.swift */; };
		215F5A0F29B8827200A3D165 /* OpeningViewController.swift in Sources */ = {isa = PBXBuildFile; fileRef = 215F5A0E29B8827200A3D165 /* OpeningViewController.swift */; };
		215F5A1529B8827200A3D165 /* Mutlu_App.xcdatamodeld in Sources */ = {isa = PBXBuildFile; fileRef = 215F5A1329B8827200A3D165 /* Mutlu_App.xcdatamodeld */; };
		215F5A1729B8827400A3D165 /* Assets.xcassets in Resources */ = {isa = PBXBuildFile; fileRef = 215F5A1629B8827400A3D165 /* Assets.xcassets */; };
		215F5A1A29B8827400A3D165 /* LaunchScreen.storyboard in Resources */ = {isa = PBXBuildFile; fileRef = 215F5A1829B8827400A3D165 /* LaunchScreen.storyboard */; };
		215F5A2529B8827400A3D165 /* Mutlu_AppTests.swift in Sources */ = {isa = PBXBuildFile; fileRef = 215F5A2429B8827400A3D165 /* Mutlu_AppTests.swift */; };
		215F5A2F29B8827400A3D165 /* Mutlu_AppUITests.swift in Sources */ = {isa = PBXBuildFile; fileRef = 215F5A2E29B8827400A3D165 /* Mutlu_AppUITests.swift */; };
		215F5A3129B8827400A3D165 /* Mutlu_AppUITestsLaunchTests.swift in Sources */ = {isa = PBXBuildFile; fileRef = 215F5A3029B8827400A3D165 /* Mutlu_AppUITestsLaunchTests.swift */; };
		2161BDDC29C0522C00C47023 /* LoginViewController.swift in Sources */ = {isa = PBXBuildFile; fileRef = 2161BDDB29C0522C00C47023 /* LoginViewController.swift */; };
		2161BDDE29C07CFE00C47023 /* SignUpViewController.swift in Sources */ = {isa = PBXBuildFile; fileRef = 2161BDDD29C07CFE00C47023 /* SignUpViewController.swift */; };
		2161BDE129C0A9E400C47023 /* MainViewController.swift in Sources */ = {isa = PBXBuildFile; fileRef = 2161BDE029C0A9E400C47023 /* MainViewController.swift */; };
		218975BD29BF34F70074DA40 /* SnapKit in Frameworks */ = {isa = PBXBuildFile; productRef = 218975BC29BF34F70074DA40 /* SnapKit */; };
		21B6CFB229BFB38100E3D89F /* futur.ttf in Resources */ = {isa = PBXBuildFile; fileRef = 21B6CFB129BFB38100E3D89F /* futur.ttf */; };
		21B6CFB429BFC42A00E3D89F /* Montserrat-Bold.ttf in Resources */ = {isa = PBXBuildFile; fileRef = 21B6CFB329BFC42A00E3D89F /* Montserrat-Bold.ttf */; };
/* End PBXBuildFile section */

/* Begin PBXContainerItemProxy section */
		215F5A2129B8827400A3D165 /* PBXContainerItemProxy */ = {
			isa = PBXContainerItemProxy;
			containerPortal = 215F59FF29B8827200A3D165 /* Project object */;
			proxyType = 1;
			remoteGlobalIDString = 215F5A0629B8827200A3D165;
			remoteInfo = "Mutlu App";
		};
		215F5A2B29B8827400A3D165 /* PBXContainerItemProxy */ = {
			isa = PBXContainerItemProxy;
			containerPortal = 215F59FF29B8827200A3D165 /* Project object */;
			proxyType = 1;
			remoteGlobalIDString = 215F5A0629B8827200A3D165;
			remoteInfo = "Mutlu App";
		};
/* End PBXContainerItemProxy section */

/* Begin PBXFileReference section */
		21219BB529C78F5D008E3775 /* Bobby Rough Soft.ttf */ = {isa = PBXFileReference; lastKnownFileType = file; path = "Bobby Rough Soft.ttf"; sourceTree = "<group>"; };
		21317BC329C77A3A002B78EA /* Kalam-Regular.ttf */ = {isa = PBXFileReference; lastKnownFileType = file; path = "Kalam-Regular.ttf"; sourceTree = "<group>"; };
		21317BC429C77A3B002B78EA /* Kalam-Bold.ttf */ = {isa = PBXFileReference; lastKnownFileType = file; path = "Kalam-Bold.ttf"; sourceTree = "<group>"; };
		21317BC529C77A3B002B78EA /* Kalam-Light.ttf */ = {isa = PBXFileReference; lastKnownFileType = file; path = "Kalam-Light.ttf"; sourceTree = "<group>"; };
		21317BC929C77A5D002B78EA /* Mansalva-Regular.ttf */ = {isa = PBXFileReference; lastKnownFileType = file; path = "Mansalva-Regular.ttf"; sourceTree = "<group>"; };
		2158A91629C459200011A437 /* Edu-Bold.ttf */ = {isa = PBXFileReference; lastKnownFileType = file; path = "Edu-Bold.ttf"; sourceTree = "<group>"; };
		215E9CC829C44FC3007B8387 /* Sono-Bold.ttf */ = {isa = PBXFileReference; lastKnownFileType = file; path = "Sono-Bold.ttf"; sourceTree = "<group>"; };
		215F5A0729B8827200A3D165 /* Mutlu App.app */ = {isa = PBXFileReference; explicitFileType = wrapper.application; includeInIndex = 0; path = "Mutlu App.app"; sourceTree = BUILT_PRODUCTS_DIR; };
		215F5A0A29B8827200A3D165 /* AppDelegate.swift */ = {isa = PBXFileReference; lastKnownFileType = sourcecode.swift; path = AppDelegate.swift; sourceTree = "<group>"; };
		215F5A0C29B8827200A3D165 /* SceneDelegate.swift */ = {isa = PBXFileReference; lastKnownFileType = sourcecode.swift; path = SceneDelegate.swift; sourceTree = "<group>"; };
		215F5A0E29B8827200A3D165 /* OpeningViewController.swift */ = {isa = PBXFileReference; lastKnownFileType = sourcecode.swift; path = OpeningViewController.swift; sourceTree = "<group>"; };
		215F5A1429B8827200A3D165 /* Mutlu_App.xcdatamodel */ = {isa = PBXFileReference; lastKnownFileType = wrapper.xcdatamodel; path = Mutlu_App.xcdatamodel; sourceTree = "<group>"; };
		215F5A1629B8827400A3D165 /* Assets.xcassets */ = {isa = PBXFileReference; lastKnownFileType = folder.assetcatalog; path = Assets.xcassets; sourceTree = "<group>"; };
		215F5A1929B8827400A3D165 /* Base */ = {isa = PBXFileReference; lastKnownFileType = file.storyboard; name = Base; path = Base.lproj/LaunchScreen.storyboard; sourceTree = "<group>"; };
		215F5A1B29B8827400A3D165 /* Info.plist */ = {isa = PBXFileReference; lastKnownFileType = text.plist.xml; path = Info.plist; sourceTree = "<group>"; };
		215F5A2029B8827400A3D165 /* Mutlu AppTests.xctest */ = {isa = PBXFileReference; explicitFileType = wrapper.cfbundle; includeInIndex = 0; path = "Mutlu AppTests.xctest"; sourceTree = BUILT_PRODUCTS_DIR; };
		215F5A2429B8827400A3D165 /* Mutlu_AppTests.swift */ = {isa = PBXFileReference; lastKnownFileType = sourcecode.swift; path = Mutlu_AppTests.swift; sourceTree = "<group>"; };
		215F5A2A29B8827400A3D165 /* Mutlu AppUITests.xctest */ = {isa = PBXFileReference; explicitFileType = wrapper.cfbundle; includeInIndex = 0; path = "Mutlu AppUITests.xctest"; sourceTree = BUILT_PRODUCTS_DIR; };
		215F5A2E29B8827400A3D165 /* Mutlu_AppUITests.swift */ = {isa = PBXFileReference; lastKnownFileType = sourcecode.swift; path = Mutlu_AppUITests.swift; sourceTree = "<group>"; };
		215F5A3029B8827400A3D165 /* Mutlu_AppUITestsLaunchTests.swift */ = {isa = PBXFileReference; lastKnownFileType = sourcecode.swift; path = Mutlu_AppUITestsLaunchTests.swift; sourceTree = "<group>"; };
		2161BDDB29C0522C00C47023 /* LoginViewController.swift */ = {isa = PBXFileReference; lastKnownFileType = sourcecode.swift; path = LoginViewController.swift; sourceTree = "<group>"; };
		2161BDDD29C07CFE00C47023 /* SignUpViewController.swift */ = {isa = PBXFileReference; lastKnownFileType = sourcecode.swift; path = SignUpViewController.swift; sourceTree = "<group>"; };
		2161BDE029C0A9E400C47023 /* MainViewController.swift */ = {isa = PBXFileReference; lastKnownFileType = sourcecode.swift; path = MainViewController.swift; sourceTree = "<group>"; };
		21B6CFB129BFB38100E3D89F /* futur.ttf */ = {isa = PBXFileReference; lastKnownFileType = file; name = futur.ttf; path = ../../../../../../../Downloads/futur.ttf; sourceTree = "<group>"; };
		21B6CFB329BFC42A00E3D89F /* Montserrat-Bold.ttf */ = {isa = PBXFileReference; lastKnownFileType = file; name = "Montserrat-Bold.ttf"; path = "../../../../../../../Downloads/Montserrat-Bold.ttf"; sourceTree = "<group>"; };
/* End PBXFileReference section */

/* Begin PBXFrameworksBuildPhase section */
		215F5A0429B8827200A3D165 /* Frameworks */ = {
			isa = PBXFrameworksBuildPhase;
			buildActionMask = 2147483647;
			files = (
				218975BD29BF34F70074DA40 /* SnapKit in Frameworks */,
			);
			runOnlyForDeploymentPostprocessing = 0;
		};
		215F5A1D29B8827400A3D165 /* Frameworks */ = {
			isa = PBXFrameworksBuildPhase;
			buildActionMask = 2147483647;
			files = (
			);
			runOnlyForDeploymentPostprocessing = 0;
		};
		215F5A2729B8827400A3D165 /* Frameworks */ = {
			isa = PBXFrameworksBuildPhase;
			buildActionMask = 2147483647;
			files = (
			);
			runOnlyForDeploymentPostprocessing = 0;
		};
/* End PBXFrameworksBuildPhase section */

/* Begin PBXGroup section */
		215F59FE29B8827200A3D165 = {
			isa = PBXGroup;
			children = (
				215F5A0929B8827200A3D165 /* Mutlu App */,
				215F5A2329B8827400A3D165 /* Mutlu AppTests */,
				215F5A2D29B8827400A3D165 /* Mutlu AppUITests */,
				215F5A0829B8827200A3D165 /* Products */,
			);
			sourceTree = "<group>";
		};
		215F5A0829B8827200A3D165 /* Products */ = {
			isa = PBXGroup;
			children = (
				215F5A0729B8827200A3D165 /* Mutlu App.app */,
				215F5A2029B8827400A3D165 /* Mutlu AppTests.xctest */,
				215F5A2A29B8827400A3D165 /* Mutlu AppUITests.xctest */,
			);
			name = Products;
			sourceTree = "<group>";
		};
		215F5A0929B8827200A3D165 /* Mutlu App */ = {
			isa = PBXGroup;
			children = (
				218975AD29BF12E10074DA40 /* Core */,
				218975AC29BF12CD0074DA40 /* View */,
			);
			path = "Mutlu App";
			sourceTree = "<group>";
		};
		215F5A2329B8827400A3D165 /* Mutlu AppTests */ = {
			isa = PBXGroup;
			children = (
				215F5A2429B8827400A3D165 /* Mutlu_AppTests.swift */,
			);
			path = "Mutlu AppTests";
			sourceTree = "<group>";
		};
		215F5A2D29B8827400A3D165 /* Mutlu AppUITests */ = {
			isa = PBXGroup;
			children = (
				215F5A2E29B8827400A3D165 /* Mutlu_AppUITests.swift */,
				215F5A3029B8827400A3D165 /* Mutlu_AppUITestsLaunchTests.swift */,
			);
			path = "Mutlu AppUITests";
			sourceTree = "<group>";
		};
		218975AC29BF12CD0074DA40 /* View */ = {
			isa = PBXGroup;
			children = (
				215F5A0E29B8827200A3D165 /* OpeningViewController.swift */,
				2161BDDB29C0522C00C47023 /* LoginViewController.swift */,
				2161BDDD29C07CFE00C47023 /* SignUpViewController.swift */,
				2161BDE029C0A9E400C47023 /* MainViewController.swift */,
			);
			path = View;
			sourceTree = "<group>";
		};
		218975AD29BF12E10074DA40 /* Core */ = {
			isa = PBXGroup;
			children = (
				218975AE29BF2BFA0074DA40 /* Fonts */,
				215F5A1329B8827200A3D165 /* Mutlu_App.xcdatamodeld */,
				215F5A0C29B8827200A3D165 /* SceneDelegate.swift */,
				215F5A1629B8827400A3D165 /* Assets.xcassets */,
				215F5A0A29B8827200A3D165 /* AppDelegate.swift */,
				215F5A1829B8827400A3D165 /* LaunchScreen.storyboard */,
				215F5A1B29B8827400A3D165 /* Info.plist */,
			);
			path = Core;
			sourceTree = "<group>";
		};
		218975AE29BF2BFA0074DA40 /* Fonts */ = {
			isa = PBXGroup;
			children = (
				21B6CFB329BFC42A00E3D89F /* Montserrat-Bold.ttf */,
				215E9CC829C44FC3007B8387 /* Sono-Bold.ttf */,
				21317BC929C77A5D002B78EA /* Mansalva-Regular.ttf */,
				21219BB529C78F5D008E3775 /* Bobby Rough Soft.ttf */,
				21317BC429C77A3B002B78EA /* Kalam-Bold.ttf */,
				21317BC529C77A3B002B78EA /* Kalam-Light.ttf */,
				21317BC329C77A3A002B78EA /* Kalam-Regular.ttf */,
				2158A91629C459200011A437 /* Edu-Bold.ttf */,
				21B6CFB129BFB38100E3D89F /* futur.ttf */,
			);
			path = Fonts;
			sourceTree = "<group>";
		};
/* End PBXGroup section */

/* Begin PBXNativeTarget section */
		215F5A0629B8827200A3D165 /* Mutlu App */ = {
			isa = PBXNativeTarget;
			buildConfigurationList = 215F5A3429B8827400A3D165 /* Build configuration list for PBXNativeTarget "Mutlu App" */;
			buildPhases = (
				215F5A0329B8827200A3D165 /* Sources */,
				215F5A0429B8827200A3D165 /* Frameworks */,
				215F5A0529B8827200A3D165 /* Resources */,
			);
			buildRules = (
			);
			dependencies = (
			);
			name = "Mutlu App";
			packageProductDependencies = (
				218975BC29BF34F70074DA40 /* SnapKit */,
			);
			productName = "Mutlu App";
			productReference = 215F5A0729B8827200A3D165 /* Mutlu App.app */;
			productType = "com.apple.product-type.application";
		};
		215F5A1F29B8827400A3D165 /* Mutlu AppTests */ = {
			isa = PBXNativeTarget;
			buildConfigurationList = 215F5A3729B8827400A3D165 /* Build configuration list for PBXNativeTarget "Mutlu AppTests" */;
			buildPhases = (
				215F5A1C29B8827400A3D165 /* Sources */,
				215F5A1D29B8827400A3D165 /* Frameworks */,
				215F5A1E29B8827400A3D165 /* Resources */,
			);
			buildRules = (
			);
			dependencies = (
				215F5A2229B8827400A3D165 /* PBXTargetDependency */,
			);
			name = "Mutlu AppTests";
			productName = "Mutlu AppTests";
			productReference = 215F5A2029B8827400A3D165 /* Mutlu AppTests.xctest */;
			productType = "com.apple.product-type.bundle.unit-test";
		};
		215F5A2929B8827400A3D165 /* Mutlu AppUITests */ = {
			isa = PBXNativeTarget;
			buildConfigurationList = 215F5A3A29B8827400A3D165 /* Build configuration list for PBXNativeTarget "Mutlu AppUITests" */;
			buildPhases = (
				215F5A2629B8827400A3D165 /* Sources */,
				215F5A2729B8827400A3D165 /* Frameworks */,
				215F5A2829B8827400A3D165 /* Resources */,
			);
			buildRules = (
			);
			dependencies = (
				215F5A2C29B8827400A3D165 /* PBXTargetDependency */,
			);
			name = "Mutlu AppUITests";
			productName = "Mutlu AppUITests";
			productReference = 215F5A2A29B8827400A3D165 /* Mutlu AppUITests.xctest */;
			productType = "com.apple.product-type.bundle.ui-testing";
		};
/* End PBXNativeTarget section */

/* Begin PBXProject section */
		215F59FF29B8827200A3D165 /* Project object */ = {
			isa = PBXProject;
			attributes = {
				BuildIndependentTargetsInParallel = 1;
				LastSwiftUpdateCheck = 1320;
				LastUpgradeCheck = 1320;
				TargetAttributes = {
					215F5A0629B8827200A3D165 = {
						CreatedOnToolsVersion = 13.2;
					};
					215F5A1F29B8827400A3D165 = {
						CreatedOnToolsVersion = 13.2;
						TestTargetID = 215F5A0629B8827200A3D165;
					};
					215F5A2929B8827400A3D165 = {
						CreatedOnToolsVersion = 13.2;
						TestTargetID = 215F5A0629B8827200A3D165;
					};
				};
			};
			buildConfigurationList = 215F5A0229B8827200A3D165 /* Build configuration list for PBXProject "Mutlu App" */;
			compatibilityVersion = "Xcode 13.0";
			developmentRegion = en;
			hasScannedForEncodings = 0;
			knownRegions = (
				en,
				Base,
			);
			mainGroup = 215F59FE29B8827200A3D165;
			packageReferences = (
				218975BB29BF34F70074DA40 /* XCRemoteSwiftPackageReference "SnapKit" */,
			);
			productRefGroup = 215F5A0829B8827200A3D165 /* Products */;
			projectDirPath = "";
			projectRoot = "";
			targets = (
				215F5A0629B8827200A3D165 /* Mutlu App */,
				215F5A1F29B8827400A3D165 /* Mutlu AppTests */,
				215F5A2929B8827400A3D165 /* Mutlu AppUITests */,
			);
		};
/* End PBXProject section */

/* Begin PBXResourcesBuildPhase section */
		215F5A0529B8827200A3D165 /* Resources */ = {
			isa = PBXResourcesBuildPhase;
			buildActionMask = 2147483647;
			files = (
				2158A91729C459200011A437 /* Edu-Bold.ttf in Resources */,
				215F5A1A29B8827400A3D165 /* LaunchScreen.storyboard in Resources */,
				215E9CC929C44FC3007B8387 /* Sono-Bold.ttf in Resources */,
				21219BB629C78F5D008E3775 /* Bobby Rough Soft.ttf in Resources */,
				21317BC629C77A3B002B78EA /* Kalam-Regular.ttf in Resources */,
				21B6CFB429BFC42A00E3D89F /* Montserrat-Bold.ttf in Resources */,
				215F5A1729B8827400A3D165 /* Assets.xcassets in Resources */,
				21317BC829C77A3B002B78EA /* Kalam-Light.ttf in Resources */,
				21317BC729C77A3B002B78EA /* Kalam-Bold.ttf in Resources */,
				21317BCA29C77A5D002B78EA /* Mansalva-Regular.ttf in Resources */,
				21B6CFB229BFB38100E3D89F /* futur.ttf in Resources */,
			);
			runOnlyForDeploymentPostprocessing = 0;
		};
		215F5A1E29B8827400A3D165 /* Resources */ = {
			isa = PBXResourcesBuildPhase;
			buildActionMask = 2147483647;
			files = (
			);
			runOnlyForDeploymentPostprocessing = 0;
		};
		215F5A2829B8827400A3D165 /* Resources */ = {
			isa = PBXResourcesBuildPhase;
			buildActionMask = 2147483647;
			files = (
			);
			runOnlyForDeploymentPostprocessing = 0;
		};
/* End PBXResourcesBuildPhase section */

/* Begin PBXSourcesBuildPhase section */
		215F5A0329B8827200A3D165 /* Sources */ = {
			isa = PBXSourcesBuildPhase;
			buildActionMask = 2147483647;
			files = (
				2161BDE129C0A9E400C47023 /* MainViewController.swift in Sources */,
				2161BDDE29C07CFE00C47023 /* SignUpViewController.swift in Sources */,
				215F5A0F29B8827200A3D165 /* OpeningViewController.swift in Sources */,
				215F5A1529B8827200A3D165 /* Mutlu_App.xcdatamodeld in Sources */,
				215F5A0B29B8827200A3D165 /* AppDelegate.swift in Sources */,
				2161BDDC29C0522C00C47023 /* LoginViewController.swift in Sources */,
				215F5A0D29B8827200A3D165 /* SceneDelegate.swift in Sources */,
			);
			runOnlyForDeploymentPostprocessing = 0;
		};
		215F5A1C29B8827400A3D165 /* Sources */ = {
			isa = PBXSourcesBuildPhase;
			buildActionMask = 2147483647;
			files = (
				215F5A2529B8827400A3D165 /* Mutlu_AppTests.swift in Sources */,
			);
			runOnlyForDeploymentPostprocessing = 0;
		};
		215F5A2629B8827400A3D165 /* Sources */ = {
			isa = PBXSourcesBuildPhase;
			buildActionMask = 2147483647;
			files = (
				215F5A3129B8827400A3D165 /* Mutlu_AppUITestsLaunchTests.swift in Sources */,
				215F5A2F29B8827400A3D165 /* Mutlu_AppUITests.swift in Sources */,
			);
			runOnlyForDeploymentPostprocessing = 0;
		};
/* End PBXSourcesBuildPhase section */

/* Begin PBXTargetDependency section */
		215F5A2229B8827400A3D165 /* PBXTargetDependency */ = {
			isa = PBXTargetDependency;
			target = 215F5A0629B8827200A3D165 /* Mutlu App */;
			targetProxy = 215F5A2129B8827400A3D165 /* PBXContainerItemProxy */;
		};
		215F5A2C29B8827400A3D165 /* PBXTargetDependency */ = {
			isa = PBXTargetDependency;
			target = 215F5A0629B8827200A3D165 /* Mutlu App */;
			targetProxy = 215F5A2B29B8827400A3D165 /* PBXContainerItemProxy */;
		};
/* End PBXTargetDependency section */

/* Begin PBXVariantGroup section */
		215F5A1829B8827400A3D165 /* LaunchScreen.storyboard */ = {
			isa = PBXVariantGroup;
			children = (
				215F5A1929B8827400A3D165 /* Base */,
			);
			name = LaunchScreen.storyboard;
			sourceTree = "<group>";
		};
/* End PBXVariantGroup section */

/* Begin XCBuildConfiguration section */
		215F5A3229B8827400A3D165 /* Debug */ = {
			isa = XCBuildConfiguration;
			buildSettings = {
				ALWAYS_SEARCH_USER_PATHS = NO;
				CLANG_ANALYZER_NONNULL = YES;
				CLANG_ANALYZER_NUMBER_OBJECT_CONVERSION = YES_AGGRESSIVE;
				CLANG_CXX_LANGUAGE_STANDARD = "gnu++17";
				CLANG_CXX_LIBRARY = "libc++";
				CLANG_ENABLE_MODULES = YES;
				CLANG_ENABLE_OBJC_ARC = YES;
				CLANG_ENABLE_OBJC_WEAK = YES;
				CLANG_WARN_BLOCK_CAPTURE_AUTORELEASING = YES;
				CLANG_WARN_BOOL_CONVERSION = YES;
				CLANG_WARN_COMMA = YES;
				CLANG_WARN_CONSTANT_CONVERSION = YES;
				CLANG_WARN_DEPRECATED_OBJC_IMPLEMENTATIONS = YES;
				CLANG_WARN_DIRECT_OBJC_ISA_USAGE = YES_ERROR;
				CLANG_WARN_DOCUMENTATION_COMMENTS = YES;
				CLANG_WARN_EMPTY_BODY = YES;
				CLANG_WARN_ENUM_CONVERSION = YES;
				CLANG_WARN_INFINITE_RECURSION = YES;
				CLANG_WARN_INT_CONVERSION = YES;
				CLANG_WARN_NON_LITERAL_NULL_CONVERSION = YES;
				CLANG_WARN_OBJC_IMPLICIT_RETAIN_SELF = YES;
				CLANG_WARN_OBJC_LITERAL_CONVERSION = YES;
				CLANG_WARN_OBJC_ROOT_CLASS = YES_ERROR;
				CLANG_WARN_QUOTED_INCLUDE_IN_FRAMEWORK_HEADER = YES;
				CLANG_WARN_RANGE_LOOP_ANALYSIS = YES;
				CLANG_WARN_STRICT_PROTOTYPES = YES;
				CLANG_WARN_SUSPICIOUS_MOVE = YES;
				CLANG_WARN_UNGUARDED_AVAILABILITY = YES_AGGRESSIVE;
				CLANG_WARN_UNREACHABLE_CODE = YES;
				CLANG_WARN__DUPLICATE_METHOD_MATCH = YES;
				COPY_PHASE_STRIP = NO;
				DEBUG_INFORMATION_FORMAT = dwarf;
				ENABLE_STRICT_OBJC_MSGSEND = YES;
				ENABLE_TESTABILITY = YES;
				GCC_C_LANGUAGE_STANDARD = gnu11;
				GCC_DYNAMIC_NO_PIC = NO;
				GCC_NO_COMMON_BLOCKS = YES;
				GCC_OPTIMIZATION_LEVEL = 0;
				GCC_PREPROCESSOR_DEFINITIONS = (
					"DEBUG=1",
					"$(inherited)",
				);
				GCC_WARN_64_TO_32_BIT_CONVERSION = YES;
				GCC_WARN_ABOUT_RETURN_TYPE = YES_ERROR;
				GCC_WARN_UNDECLARED_SELECTOR = YES;
				GCC_WARN_UNINITIALIZED_AUTOS = YES_AGGRESSIVE;
				GCC_WARN_UNUSED_FUNCTION = YES;
				GCC_WARN_UNUSED_VARIABLE = YES;
				INFOPLIST_FILE = "Mutlu App/Info.plist";
				IPHONEOS_DEPLOYMENT_TARGET = 15.2;
				MTL_ENABLE_DEBUG_INFO = INCLUDE_SOURCE;
				MTL_FAST_MATH = YES;
				ONLY_ACTIVE_ARCH = YES;
				SDKROOT = iphoneos;
				SWIFT_ACTIVE_COMPILATION_CONDITIONS = DEBUG;
				SWIFT_OPTIMIZATION_LEVEL = "-Onone";
			};
			name = Debug;
		};
		215F5A3329B8827400A3D165 /* Release */ = {
			isa = XCBuildConfiguration;
			buildSettings = {
				ALWAYS_SEARCH_USER_PATHS = NO;
				CLANG_ANALYZER_NONNULL = YES;
				CLANG_ANALYZER_NUMBER_OBJECT_CONVERSION = YES_AGGRESSIVE;
				CLANG_CXX_LANGUAGE_STANDARD = "gnu++17";
				CLANG_CXX_LIBRARY = "libc++";
				CLANG_ENABLE_MODULES = YES;
				CLANG_ENABLE_OBJC_ARC = YES;
				CLANG_ENABLE_OBJC_WEAK = YES;
				CLANG_WARN_BLOCK_CAPTURE_AUTORELEASING = YES;
				CLANG_WARN_BOOL_CONVERSION = YES;
				CLANG_WARN_COMMA = YES;
				CLANG_WARN_CONSTANT_CONVERSION = YES;
				CLANG_WARN_DEPRECATED_OBJC_IMPLEMENTATIONS = YES;
				CLANG_WARN_DIRECT_OBJC_ISA_USAGE = YES_ERROR;
				CLANG_WARN_DOCUMENTATION_COMMENTS = YES;
				CLANG_WARN_EMPTY_BODY = YES;
				CLANG_WARN_ENUM_CONVERSION = YES;
				CLANG_WARN_INFINITE_RECURSION = YES;
				CLANG_WARN_INT_CONVERSION = YES;
				CLANG_WARN_NON_LITERAL_NULL_CONVERSION = YES;
				CLANG_WARN_OBJC_IMPLICIT_RETAIN_SELF = YES;
				CLANG_WARN_OBJC_LITERAL_CONVERSION = YES;
				CLANG_WARN_OBJC_ROOT_CLASS = YES_ERROR;
				CLANG_WARN_QUOTED_INCLUDE_IN_FRAMEWORK_HEADER = YES;
				CLANG_WARN_RANGE_LOOP_ANALYSIS = YES;
				CLANG_WARN_STRICT_PROTOTYPES = YES;
				CLANG_WARN_SUSPICIOUS_MOVE = YES;
				CLANG_WARN_UNGUARDED_AVAILABILITY = YES_AGGRESSIVE;
				CLANG_WARN_UNREACHABLE_CODE = YES;
				CLANG_WARN__DUPLICATE_METHOD_MATCH = YES;
				COPY_PHASE_STRIP = NO;
				DEBUG_INFORMATION_FORMAT = "dwarf-with-dsym";
				ENABLE_NS_ASSERTIONS = NO;
				ENABLE_STRICT_OBJC_MSGSEND = YES;
				GCC_C_LANGUAGE_STANDARD = gnu11;
				GCC_NO_COMMON_BLOCKS = YES;
				GCC_WARN_64_TO_32_BIT_CONVERSION = YES;
				GCC_WARN_ABOUT_RETURN_TYPE = YES_ERROR;
				GCC_WARN_UNDECLARED_SELECTOR = YES;
				GCC_WARN_UNINITIALIZED_AUTOS = YES_AGGRESSIVE;
				GCC_WARN_UNUSED_FUNCTION = YES;
				GCC_WARN_UNUSED_VARIABLE = YES;
				INFOPLIST_FILE = "Mutlu App/Info.plist";
				IPHONEOS_DEPLOYMENT_TARGET = 15.2;
				MTL_ENABLE_DEBUG_INFO = NO;
				MTL_FAST_MATH = YES;
				SDKROOT = iphoneos;
				SWIFT_COMPILATION_MODE = wholemodule;
				SWIFT_OPTIMIZATION_LEVEL = "-O";
				VALIDATE_PRODUCT = YES;
			};
			name = Release;
		};
		215F5A3529B8827400A3D165 /* Debug */ = {
			isa = XCBuildConfiguration;
			buildSettings = {
				ASSETCATALOG_COMPILER_APPICON_NAME = AppIcon;
				ASSETCATALOG_COMPILER_GLOBAL_ACCENT_COLOR_NAME = AccentColor;
				CODE_SIGN_STYLE = Automatic;
				CURRENT_PROJECT_VERSION = 1;
				DEVELOPMENT_TEAM = 3BX64U658L;
				GENERATE_INFOPLIST_FILE = YES;
				INFOPLIST_FILE = "/Users/kullanici/Desktop/swift/uygulamalar/Mutlu App/Mutlu App/Core/Info.plist";
				INFOPLIST_KEY_UIApplicationSupportsIndirectInputEvents = YES;
				INFOPLIST_KEY_UILaunchStoryboardName = LaunchScreen;
				INFOPLIST_KEY_UISupportedInterfaceOrientations_iPad = "UIInterfaceOrientationPortrait UIInterfaceOrientationPortraitUpsideDown UIInterfaceOrientationLandscapeLeft UIInterfaceOrientationLandscapeRight";
				INFOPLIST_KEY_UISupportedInterfaceOrientations_iPhone = "UIInterfaceOrientationPortrait UIInterfaceOrientationLandscapeLeft UIInterfaceOrientationLandscapeRight";
				IPHONEOS_DEPLOYMENT_TARGET = 13.0;
				LD_RUNPATH_SEARCH_PATHS = (
					"$(inherited)",
					"@executable_path/Frameworks",
				);
				MARKETING_VERSION = 1.0;
				PRODUCT_BUNDLE_IDENTIFIER = "com.melih.test1.Mutlu-App";
				PRODUCT_NAME = "$(TARGET_NAME)";
				SWIFT_EMIT_LOC_STRINGS = YES;
				SWIFT_VERSION = 5.0;
				TARGETED_DEVICE_FAMILY = "1,2";
			};
			name = Debug;
		};
		215F5A3629B8827400A3D165 /* Release */ = {
			isa = XCBuildConfiguration;
			buildSettings = {
				ASSETCATALOG_COMPILER_APPICON_NAME = AppIcon;
				ASSETCATALOG_COMPILER_GLOBAL_ACCENT_COLOR_NAME = AccentColor;
				CODE_SIGN_STYLE = Automatic;
				CURRENT_PROJECT_VERSION = 1;
				DEVELOPMENT_TEAM = 3BX64U658L;
				GENERATE_INFOPLIST_FILE = YES;
				INFOPLIST_FILE = "/Users/kullanici/Desktop/swift/uygulamalar/Mutlu App/Mutlu App/Core/Info.plist";
				INFOPLIST_KEY_UIApplicationSupportsIndirectInputEvents = YES;
				INFOPLIST_KEY_UILaunchStoryboardName = LaunchScreen;
				INFOPLIST_KEY_UISupportedInterfaceOrientations_iPad = "UIInterfaceOrientationPortrait UIInterfaceOrientationPortraitUpsideDown UIInterfaceOrientationLandscapeLeft UIInterfaceOrientationLandscapeRight";
				INFOPLIST_KEY_UISupportedInterfaceOrientations_iPhone = "UIInterfaceOrientationPortrait UIInterfaceOrientationLandscapeLeft UIInterfaceOrientationLandscapeRight";
				IPHONEOS_DEPLOYMENT_TARGET = 13.0;
				LD_RUNPATH_SEARCH_PATHS = (
					"$(inherited)",
					"@executable_path/Frameworks",
				);
				MARKETING_VERSION = 1.0;
				PRODUCT_BUNDLE_IDENTIFIER = "com.melih.test1.Mutlu-App";
				PRODUCT_NAME = "$(TARGET_NAME)";
				SWIFT_EMIT_LOC_STRINGS = YES;
				SWIFT_VERSION = 5.0;
				TARGETED_DEVICE_FAMILY = "1,2";
			};
			name = Release;
		};
		215F5A3829B8827400A3D165 /* Debug */ = {
			isa = XCBuildConfiguration;
			buildSettings = {
				ALWAYS_EMBED_SWIFT_STANDARD_LIBRARIES = YES;
				BUNDLE_LOADER = "$(TEST_HOST)";
				CODE_SIGN_STYLE = Automatic;
				CURRENT_PROJECT_VERSION = 1;
				DEVELOPMENT_TEAM = 3BX64U658L;
				GENERATE_INFOPLIST_FILE = YES;
				IPHONEOS_DEPLOYMENT_TARGET = 15.2;
				MARKETING_VERSION = 1.0;
				PRODUCT_BUNDLE_IDENTIFIER = "com.melih.test1.Mutlu-AppTests";
				PRODUCT_NAME = "$(TARGET_NAME)";
				SWIFT_EMIT_LOC_STRINGS = NO;
				SWIFT_VERSION = 5.0;
				TARGETED_DEVICE_FAMILY = "1,2";
				TEST_HOST = "$(BUILT_PRODUCTS_DIR)/Mutlu App.app/Mutlu App";
			};
			name = Debug;
		};
		215F5A3929B8827400A3D165 /* Release */ = {
			isa = XCBuildConfiguration;
			buildSettings = {
				ALWAYS_EMBED_SWIFT_STANDARD_LIBRARIES = YES;
				BUNDLE_LOADER = "$(TEST_HOST)";
				CODE_SIGN_STYLE = Automatic;
				CURRENT_PROJECT_VERSION = 1;
				DEVELOPMENT_TEAM = 3BX64U658L;
				GENERATE_INFOPLIST_FILE = YES;
				IPHONEOS_DEPLOYMENT_TARGET = 15.2;
				MARKETING_VERSION = 1.0;
				PRODUCT_BUNDLE_IDENTIFIER = "com.melih.test1.Mutlu-AppTests";
				PRODUCT_NAME = "$(TARGET_NAME)";
				SWIFT_EMIT_LOC_STRINGS = NO;
				SWIFT_VERSION = 5.0;
				TARGETED_DEVICE_FAMILY = "1,2";
				TEST_HOST = "$(BUILT_PRODUCTS_DIR)/Mutlu App.app/Mutlu App";
			};
			name = Release;
		};
		215F5A3B29B8827400A3D165 /* Debug */ = {
			isa = XCBuildConfiguration;
			buildSettings = {
				ALWAYS_EMBED_SWIFT_STANDARD_LIBRARIES = YES;
				CODE_SIGN_STYLE = Automatic;
				CURRENT_PROJECT_VERSION = 1;
				DEVELOPMENT_TEAM = 3BX64U658L;
				GENERATE_INFOPLIST_FILE = YES;
				MARKETING_VERSION = 1.0;
				PRODUCT_BUNDLE_IDENTIFIER = "com.melih.test1.Mutlu-AppUITests";
				PRODUCT_NAME = "$(TARGET_NAME)";
				SWIFT_EMIT_LOC_STRINGS = NO;
				SWIFT_VERSION = 5.0;
				TARGETED_DEVICE_FAMILY = "1,2";
				TEST_TARGET_NAME = "Mutlu App";
			};
			name = Debug;
		};
		215F5A3C29B8827400A3D165 /* Release */ = {
			isa = XCBuildConfiguration;
			buildSettings = {
				ALWAYS_EMBED_SWIFT_STANDARD_LIBRARIES = YES;
				CODE_SIGN_STYLE = Automatic;
				CURRENT_PROJECT_VERSION = 1;
				DEVELOPMENT_TEAM = 3BX64U658L;
				GENERATE_INFOPLIST_FILE = YES;
				MARKETING_VERSION = 1.0;
				PRODUCT_BUNDLE_IDENTIFIER = "com.melih.test1.Mutlu-AppUITests";
				PRODUCT_NAME = "$(TARGET_NAME)";
				SWIFT_EMIT_LOC_STRINGS = NO;
				SWIFT_VERSION = 5.0;
				TARGETED_DEVICE_FAMILY = "1,2";
				TEST_TARGET_NAME = "Mutlu App";
			};
			name = Release;
		};
/* End XCBuildConfiguration section */

/* Begin XCConfigurationList section */
		215F5A0229B8827200A3D165 /* Build configuration list for PBXProject "Mutlu App" */ = {
			isa = XCConfigurationList;
			buildConfigurations = (
				215F5A3229B8827400A3D165 /* Debug */,
				215F5A3329B8827400A3D165 /* Release */,
			);
			defaultConfigurationIsVisible = 0;
			defaultConfigurationName = Release;
		};
		215F5A3429B8827400A3D165 /* Build configuration list for PBXNativeTarget "Mutlu App" */ = {
			isa = XCConfigurationList;
			buildConfigurations = (
				215F5A3529B8827400A3D165 /* Debug */,
				215F5A3629B8827400A3D165 /* Release */,
			);
			defaultConfigurationIsVisible = 0;
			defaultConfigurationName = Release;
		};
		215F5A3729B8827400A3D165 /* Build configuration list for PBXNativeTarget "Mutlu AppTests" */ = {
			isa = XCConfigurationList;
			buildConfigurations = (
				215F5A3829B8827400A3D165 /* Debug */,
				215F5A3929B8827400A3D165 /* Release */,
			);
			defaultConfigurationIsVisible = 0;
			defaultConfigurationName = Release;
		};
		215F5A3A29B8827400A3D165 /* Build configuration list for PBXNativeTarget "Mutlu AppUITests" */ = {
			isa = XCConfigurationList;
			buildConfigurations = (
				215F5A3B29B8827400A3D165 /* Debug */,
				215F5A3C29B8827400A3D165 /* Release */,
			);
			defaultConfigurationIsVisible = 0;
			defaultConfigurationName = Release;
		};
/* End XCConfigurationList section */

/* Begin XCRemoteSwiftPackageReference section */
		218975BB29BF34F70074DA40 /* XCRemoteSwiftPackageReference "SnapKit" */ = {
			isa = XCRemoteSwiftPackageReference;
			repositoryURL = "https://github.com/SnapKit/SnapKit";
			requirement = {
				kind = upToNextMajorVersion;
				minimumVersion = 5.0.0;
			};
		};
/* End XCRemoteSwiftPackageReference section */

/* Begin XCSwiftPackageProductDependency section */
		218975BC29BF34F70074DA40 /* SnapKit */ = {
			isa = XCSwiftPackageProductDependency;
			package = 218975BB29BF34F70074DA40 /* XCRemoteSwiftPackageReference "SnapKit" */;
			productName = SnapKit;
		};
/* End XCSwiftPackageProductDependency section */

/* Begin XCVersionGroup section */
		215F5A1329B8827200A3D165 /* Mutlu_App.xcdatamodeld */ = {
			isa = XCVersionGroup;
			children = (
				215F5A1429B8827200A3D165 /* Mutlu_App.xcdatamodel */,
			);
			currentVersion = 215F5A1429B8827200A3D165 /* Mutlu_App.xcdatamodel */;
			path = Mutlu_App.xcdatamodeld;
			sourceTree = "<group>";
			versionGroupType = wrapper.xcdatamodel;
		};
/* End XCVersionGroup section */
	};
	rootObject = 215F59FF29B8827200A3D165 /* Project object */;
}
